Microsoft Visual Studio Solution File, Format Version 12.00
# Visual Studio Version 17
VisualStudioVersion = 17.5.2.0
MinimumVisualStudioVersion = 10.0.40219.1
Project("{FAE04EC0-301F-11D3-BF4B-00C04F79EFBC}") = "AzEventHubs", "AzEventHubs.csproj", "{A9E4B657-102C-EF0C-6F63-7D89DC806939}"
EndProject
Global
	GlobalSection(SolutionConfigurationPlatforms) = preSolution
		Debug|Any CPU = Debug|Any CPU
		Release|Any CPU = Release|Any CPU
	EndGlobalSection
	GlobalSection(ProjectConfigurationPlatforms) = postSolution
		{A9E4B657-102C-EF0C-6F63-7D89DC806939}.Debug|Any CPU.ActiveCfg = Debug|Any CPU
		{A9E4B657-102C-EF0C-6F63-7D89DC806939}.Debug|Any CPU.Build.0 = Debug|Any CPU
		{A9E4B657-102C-EF0C-6F63-7D89DC806939}.Release|Any CPU.ActiveCfg = Release|Any CPU
		{A9E4B657-102C-EF0C-6F63-7D89DC806939}.Release|Any CPU.Build.0 = Release|Any CPU
	EndGlobalSection
	GlobalSection(SolutionProperties) = preSolution
		HideSolutionNode = FALSE
	EndGlobalSection
	GlobalSection(ExtensibilityGlobals) = postSolution
		SolutionGuid = {EBF4033D-E748-4D21-B1F4-506563475B19}
	EndGlobalSection
EndGlobal
