Microsoft Visual Studio Solution File, Format Version 12.00
# Visual Studio Version 17
VisualStudioVersion = 17.5.2.0
MinimumVisualStudioVersion = 10.0.40219.1
Project("{FAE04EC0-301F-11D3-BF4B-00C04F79EFBC}") = "AzGraph", "AzGraph.csproj", "{704674EE-E608-170F-D552-6A99FA590784}"
EndProject
Global
	GlobalSection(SolutionConfigurationPlatforms) = preSolution
		Debug|Any CPU = Debug|Any CPU
		Release|Any CPU = Release|Any CPU
	EndGlobalSection
	GlobalSection(ProjectConfigurationPlatforms) = postSolution
		{704674EE-E608-170F-D552-6A99FA590784}.Debug|Any CPU.ActiveCfg = Debug|Any CPU
		{704674EE-E608-170F-D552-6A99FA590784}.Debug|Any CPU.Build.0 = Debug|Any CPU
		{704674EE-E608-170F-D552-6A99FA590784}.Release|Any CPU.ActiveCfg = Release|Any CPU
		{704674EE-E608-170F-D552-6A99FA590784}.Release|Any CPU.Build.0 = Release|Any CPU
	EndGlobalSection
	GlobalSection(SolutionProperties) = preSolution
		HideSolutionNode = FALSE
	EndGlobalSection
	GlobalSection(ExtensibilityGlobals) = postSolution
		SolutionGuid = {54A26AD1-B5FD-4065-BA86-B941A50B443F}
	EndGlobalSection
EndGlobal
