Microsoft Visual Studio Solution File, Format Version 12.00
# Visual Studio Version 17
VisualStudioVersion = 17.5.2.0
MinimumVisualStudioVersion = 10.0.40219.1
Project("{FAE04EC0-301F-11D3-BF4B-00C04F79EFBC}") = "AzServiceBus", "AzServiceBus.csproj", "{EADDF522-2F3B-DD8E-9440-0E27DF8456EC}"
EndProject
Global
	GlobalSection(SolutionConfigurationPlatforms) = preSolution
		Debug|Any CPU = Debug|Any CPU
		Release|Any CPU = Release|Any CPU
	EndGlobalSection
	GlobalSection(ProjectConfigurationPlatforms) = postSolution
		{EADDF522-2F3B-DD8E-9440-0E27DF8456EC}.Debug|Any CPU.ActiveCfg = Debug|Any CPU
		{EADDF522-2F3B-DD8E-9440-0E27DF8456EC}.Debug|Any CPU.Build.0 = Debug|Any CPU
		{EADDF522-2F3B-DD8E-9440-0E27DF8456EC}.Release|Any CPU.ActiveCfg = Release|Any CPU
		{EADDF522-2F3B-DD8E-9440-0E27DF8456EC}.Release|Any CPU.Build.0 = Release|Any CPU
	EndGlobalSection
	GlobalSection(SolutionProperties) = preSolution
		HideSolutionNode = FALSE
	EndGlobalSection
	GlobalSection(ExtensibilityGlobals) = postSolution
		SolutionGuid = {B7908726-E150-4C75-AFE1-4BBBC05C15FC}
	EndGlobalSection
EndGlobal
